// !$*UTF8*$!
{
	archiveVersion = 1;
	classes = {
	};
	objectVersion = 51;
	objects = {

/* Begin PBXBuildFile section */
		880042B32656485F009048E8 /* ComicTableViewCell.swift in Sources */ = {isa = PBXBuildFile; fileRef = 880042B12656485F009048E8 /* ComicTableViewCell.swift */; };
		880042B42656485F009048E8 /* ComicTableViewCell.xib in Resources */ = {isa = PBXBuildFile; fileRef = 880042B22656485F009048E8 /* ComicTableViewCell.xib */; };
		880042B7265673EC009048E8 /* FirebaseService.swift in Sources */ = {isa = PBXBuildFile; fileRef = 880042B6265673EC009048E8 /* FirebaseService.swift */; };
		88085AAF264C33350025DAA8 /* LoginVC.swift in Sources */ = {isa = PBXBuildFile; fileRef = 88085AAD264C33350025DAA8 /* LoginVC.swift */; };
		88085AB0264C33360025DAA8 /* LoginVC.xib in Resources */ = {isa = PBXBuildFile; fileRef = 88085AAE264C33350025DAA8 /* LoginVC.xib */; };
		882D8456265DE376000C3C4B /* DetailEventVC.swift in Sources */ = {isa = PBXBuildFile; fileRef = 882D8454265DE376000C3C4B /* DetailEventVC.swift */; };
		882D8457265DE376000C3C4B /* DetailEventVC.xib in Resources */ = {isa = PBXBuildFile; fileRef = 882D8455265DE376000C3C4B /* DetailEventVC.xib */; };
		882D8459265E3E15000C3C4B /* ComicEvents.swift in Sources */ = {isa = PBXBuildFile; fileRef = 882D8458265E3E15000C3C4B /* ComicEvents.swift */; };
		884BB29226568CF800D22C67 /* FirebaseAuthService.swift in Sources */ = {isa = PBXBuildFile; fileRef = 884BB29126568CF800D22C67 /* FirebaseAuthService.swift */; };
		885EB75726581CFC000AA60D /* EventsDataSource.swift in Sources */ = {isa = PBXBuildFile; fileRef = 885EB75626581CFC000AA60D /* EventsDataSource.swift */; };
		888B54B6264F029700410CD1 /* CharactersTableViewCell.swift in Sources */ = {isa = PBXBuildFile; fileRef = 888B54B4264F029700410CD1 /* CharactersTableViewCell.swift */; };
		888B54B7264F029700410CD1 /* CustomTableViewCell.xib in Resources */ = {isa = PBXBuildFile; fileRef = 888B54B5264F029700410CD1 /* CustomTableViewCell.xib */; };
		888B54BF264F08F900410CD1 /* Characters.swift in Sources */ = {isa = PBXBuildFile; fileRef = 888B54BE264F08F900410CD1 /* Characters.swift */; };
		88946CAF264D6BE50041E26F /* ListCharacterVC.swift in Sources */ = {isa = PBXBuildFile; fileRef = 88946CAD264D6BE50041E26F /* ListCharacterVC.swift */; };
		88946CB0264D6BE50041E26F /* ListCharacterVC.xib in Resources */ = {isa = PBXBuildFile; fileRef = 88946CAE264D6BE50041E26F /* ListCharacterVC.xib */; };
		88946CB5264D6BFD0041E26F /* ListEventsVC.swift in Sources */ = {isa = PBXBuildFile; fileRef = 88946CB3264D6BFD0041E26F /* ListEventsVC.swift */; };
		88946CB6264D6BFD0041E26F /* ListEventsVC.xib in Resources */ = {isa = PBXBuildFile; fileRef = 88946CB4264D6BFD0041E26F /* ListEventsVC.xib */; };
		88946CBA264D6C490041E26F /* BaseTabBar.swift in Sources */ = {isa = PBXBuildFile; fileRef = 88946CB8264D6C490041E26F /* BaseTabBar.swift */; };
		88946CBB264D6C490041E26F /* MainTabBar.xib in Resources */ = {isa = PBXBuildFile; fileRef = 88946CB9264D6C490041E26F /* MainTabBar.xib */; };
		88946CBF264D75F30041E26F /* UIViewController+Extensions.swift in Sources */ = {isa = PBXBuildFile; fileRef = 88946CBE264D75F30041E26F /* UIViewController+Extensions.swift */; };
		88946CC2264D7C7F0041E26F /* BaseNavigationController.swift in Sources */ = {isa = PBXBuildFile; fileRef = 88946CC1264D7C7F0041E26F /* BaseNavigationController.swift */; };
		88964E5A264CDE960017D04F /* UITextField+Extensions.swift in Sources */ = {isa = PBXBuildFile; fileRef = 88964E59264CDE960017D04F /* UITextField+Extensions.swift */; };
		88A6D82A264C1B4D00A0217B /* AppDelegate.swift in Sources */ = {isa = PBXBuildFile; fileRef = 88A6D829264C1B4D00A0217B /* AppDelegate.swift */; };
		88A6D82C264C1B4D00A0217B /* SceneDelegate.swift in Sources */ = {isa = PBXBuildFile; fileRef = 88A6D82B264C1B4D00A0217B /* SceneDelegate.swift */; };
		88A6D831264C1B4D00A0217B /* Main.storyboard in Resources */ = {isa = PBXBuildFile; fileRef = 88A6D82F264C1B4D00A0217B /* Main.storyboard */; };
		88A6D833264C1B4E00A0217B /* Assets.xcassets in Resources */ = {isa = PBXBuildFile; fileRef = 88A6D832264C1B4E00A0217B /* Assets.xcassets */; };
		88A6D836264C1B4E00A0217B /* LaunchScreen.storyboard in Resources */ = {isa = PBXBuildFile; fileRef = 88A6D834264C1B4E00A0217B /* LaunchScreen.storyboard */; };
		88A6D843264C1FDD00A0217B /* GoogleService-Info.plist in Resources */ = {isa = PBXBuildFile; fileRef = 88A6D842264C1FDD00A0217B /* GoogleService-Info.plist */; };
		88B48D9F2654838C005CCDDE /* Service.swift in Sources */ = {isa = PBXBuildFile; fileRef = 88B48D9E2654838C005CCDDE /* Service.swift */; };
		88B48DA2265483FD005CCDDE /* ErrorMsg.swift in Sources */ = {isa = PBXBuildFile; fileRef = 88B48DA1265483FD005CCDDE /* ErrorMsg.swift */; };
		88B751602656B04200DD4ACA /* String+Extension.swift in Sources */ = {isa = PBXBuildFile; fileRef = 88B7515F2656B04200DD4ACA /* String+Extension.swift */; };
		88C7C17E265B1FB5001C31F6 /* DateFormatter+Extensions.swift in Sources */ = {isa = PBXBuildFile; fileRef = 88C7C17D265B1FB5001C31F6 /* DateFormatter+Extensions.swift */; };
		88CD22B62654E757000024A3 /* EventsBaseData.swift in Sources */ = {isa = PBXBuildFile; fileRef = 88CD22B52654E756000024A3 /* EventsBaseData.swift */; };
		88CD22BA2654E77F000024A3 /* Events.swift in Sources */ = {isa = PBXBuildFile; fileRef = 88CD22B92654E77F000024A3 /* Events.swift */; };
		88CD22BF2654EE71000024A3 /* EventsTableViewCell.swift in Sources */ = {isa = PBXBuildFile; fileRef = 88CD22BD2654EE71000024A3 /* EventsTableViewCell.swift */; };
		88CD22C02654EE71000024A3 /* EventsTableViewCell.xib in Resources */ = {isa = PBXBuildFile; fileRef = 88CD22BE2654EE71000024A3 /* EventsTableViewCell.xib */; };
		88F2876E26530FBC0044FA37 /* Thumbnail.swift in Sources */ = {isa = PBXBuildFile; fileRef = 88F2876D26530FBC0044FA37 /* Thumbnail.swift */; };
		88F287702653106C0044FA37 /* CharacterBaseData.swift in Sources */ = {isa = PBXBuildFile; fileRef = 88F2876F2653106C0044FA37 /* CharacterBaseData.swift */; };
		88F28772265310910044FA37 /* CharacterDataSource.swift in Sources */ = {isa = PBXBuildFile; fileRef = 88F28771265310910044FA37 /* CharacterDataSource.swift */; };
		88F28777265313E10044FA37 /* Constants.swift in Sources */ = {isa = PBXBuildFile; fileRef = 88F28776265313E10044FA37 /* Constants.swift */; };
		88F70CAE2655334400940F37 /* ComicCharacter.swift in Sources */ = {isa = PBXBuildFile; fileRef = 88F70CAD2655334400940F37 /* ComicCharacter.swift */; };
		88F70CB1265534D300940F37 /* DetailCharacterVC.swift in Sources */ = {isa = PBXBuildFile; fileRef = 88F70CAF265534D300940F37 /* DetailCharacterVC.swift */; };
		88F70CB2265534D300940F37 /* DetailCharacterVC.xib in Resources */ = {isa = PBXBuildFile; fileRef = 88F70CB0265534D300940F37 /* DetailCharacterVC.xib */; };
		A506197B84908A945236955D /* Pods_App_Intermedia.framework in Frameworks */ = {isa = PBXBuildFile; fileRef = 43FA095D291F83ED93454546 /* Pods_App_Intermedia.framework */; };
/* End PBXBuildFile section */

/* Begin PBXFileReference section */
		028FB6CB7F62B3A2BF15BCD1 /* Pods-App-Intermedia.debug.xcconfig */ = {isa = PBXFileReference; includeInIndex = 1; lastKnownFileType = text.xcconfig; name = "Pods-App-Intermedia.debug.xcconfig"; path = "Target Support Files/Pods-App-Intermedia/Pods-App-Intermedia.debug.xcconfig"; sourceTree = "<group>"; };
		17E433AD8609710AAFBE2040 /* Pods-App-Intermedia.release.xcconfig */ = {isa = PBXFileReference; includeInIndex = 1; lastKnownFileType = text.xcconfig; name = "Pods-App-Intermedia.release.xcconfig"; path = "Target Support Files/Pods-App-Intermedia/Pods-App-Intermedia.release.xcconfig"; sourceTree = "<group>"; };
		43FA095D291F83ED93454546 /* Pods_App_Intermedia.framework */ = {isa = PBXFileReference; explicitFileType = wrapper.framework; includeInIndex = 0; path = Pods_App_Intermedia.framework; sourceTree = BUILT_PRODUCTS_DIR; };
		880042B12656485F009048E8 /* ComicTableViewCell.swift */ = {isa = PBXFileReference; lastKnownFileType = sourcecode.swift; path = ComicTableViewCell.swift; sourceTree = "<group>"; };
		880042B22656485F009048E8 /* ComicTableViewCell.xib */ = {isa = PBXFileReference; lastKnownFileType = file.xib; path = ComicTableViewCell.xib; sourceTree = "<group>"; };
		880042B6265673EC009048E8 /* FirebaseService.swift */ = {isa = PBXFileReference; lastKnownFileType = sourcecode.swift; path = FirebaseService.swift; sourceTree = "<group>"; };
		88085AAD264C33350025DAA8 /* LoginVC.swift */ = {isa = PBXFileReference; lastKnownFileType = sourcecode.swift; path = LoginVC.swift; sourceTree = "<group>"; };
		88085AAE264C33350025DAA8 /* LoginVC.xib */ = {isa = PBXFileReference; lastKnownFileType = file.xib; path = LoginVC.xib; sourceTree = "<group>"; };
		882D8454265DE376000C3C4B /* DetailEventVC.swift */ = {isa = PBXFileReference; lastKnownFileType = sourcecode.swift; path = DetailEventVC.swift; sourceTree = "<group>"; };
		882D8455265DE376000C3C4B /* DetailEventVC.xib */ = {isa = PBXFileReference; lastKnownFileType = file.xib; path = DetailEventVC.xib; sourceTree = "<group>"; };
		882D8458265E3E15000C3C4B /* ComicEvents.swift */ = {isa = PBXFileReference; lastKnownFileType = sourcecode.swift; path = ComicEvents.swift; sourceTree = "<group>"; };
		884BB29126568CF800D22C67 /* FirebaseAuthService.swift */ = {isa = PBXFileReference; lastKnownFileType = sourcecode.swift; path = FirebaseAuthService.swift; sourceTree = "<group>"; };
		885EB75626581CFC000AA60D /* EventsDataSource.swift */ = {isa = PBXFileReference; lastKnownFileType = sourcecode.swift; path = EventsDataSource.swift; sourceTree = "<group>"; };
		888B54B4264F029700410CD1 /* CharactersTableViewCell.swift */ = {isa = PBXFileReference; lastKnownFileType = sourcecode.swift; path = CharactersTableViewCell.swift; sourceTree = "<group>"; };
		888B54B5264F029700410CD1 /* CustomTableViewCell.xib */ = {isa = PBXFileReference; lastKnownFileType = file.xib; path = CustomTableViewCell.xib; sourceTree = "<group>"; };
		888B54BE264F08F900410CD1 /* Characters.swift */ = {isa = PBXFileReference; lastKnownFileType = sourcecode.swift; path = Characters.swift; sourceTree = "<group>"; };
		88946CAD264D6BE50041E26F /* ListCharacterVC.swift */ = {isa = PBXFileReference; lastKnownFileType = sourcecode.swift; path = ListCharacterVC.swift; sourceTree = "<group>"; };
		88946CAE264D6BE50041E26F /* ListCharacterVC.xib */ = {isa = PBXFileReference; lastKnownFileType = file.xib; path = ListCharacterVC.xib; sourceTree = "<group>"; };
		88946CB3264D6BFD0041E26F /* ListEventsVC.swift */ = {isa = PBXFileReference; lastKnownFileType = sourcecode.swift; path = ListEventsVC.swift; sourceTree = "<group>"; };
		88946CB4264D6BFD0041E26F /* ListEventsVC.xib */ = {isa = PBXFileReference; lastKnownFileType = file.xib; path = ListEventsVC.xib; sourceTree = "<group>"; };
		88946CB8264D6C490041E26F /* BaseTabBar.swift */ = {isa = PBXFileReference; lastKnownFileType = sourcecode.swift; path = BaseTabBar.swift; sourceTree = "<group>"; };
		88946CB9264D6C490041E26F /* MainTabBar.xib */ = {isa = PBXFileReference; lastKnownFileType = file.xib; path = MainTabBar.xib; sourceTree = "<group>"; };
		88946CBE264D75F30041E26F /* UIViewController+Extensions.swift */ = {isa = PBXFileReference; lastKnownFileType = sourcecode.swift; path = "UIViewController+Extensions.swift"; sourceTree = "<group>"; };
		88946CC1264D7C7F0041E26F /* BaseNavigationController.swift */ = {isa = PBXFileReference; lastKnownFileType = sourcecode.swift; path = BaseNavigationController.swift; sourceTree = "<group>"; };
		88964E59264CDE960017D04F /* UITextField+Extensions.swift */ = {isa = PBXFileReference; lastKnownFileType = sourcecode.swift; path = "UITextField+Extensions.swift"; sourceTree = "<group>"; };
		88A6D826264C1B4D00A0217B /* App-Intermedia.app */ = {isa = PBXFileReference; explicitFileType = wrapper.application; includeInIndex = 0; path = "App-Intermedia.app"; sourceTree = BUILT_PRODUCTS_DIR; };
		88A6D829264C1B4D00A0217B /* AppDelegate.swift */ = {isa = PBXFileReference; lastKnownFileType = sourcecode.swift; path = AppDelegate.swift; sourceTree = "<group>"; };
		88A6D82B264C1B4D00A0217B /* SceneDelegate.swift */ = {isa = PBXFileReference; lastKnownFileType = sourcecode.swift; path = SceneDelegate.swift; sourceTree = "<group>"; };
		88A6D830264C1B4D00A0217B /* Base */ = {isa = PBXFileReference; lastKnownFileType = file.storyboard; name = Base; path = Base.lproj/Main.storyboard; sourceTree = "<group>"; };
		88A6D832264C1B4E00A0217B /* Assets.xcassets */ = {isa = PBXFileReference; lastKnownFileType = folder.assetcatalog; path = Assets.xcassets; sourceTree = "<group>"; };
		88A6D835264C1B4E00A0217B /* Base */ = {isa = PBXFileReference; lastKnownFileType = file.storyboard; name = Base; path = Base.lproj/LaunchScreen.storyboard; sourceTree = "<group>"; };
		88A6D837264C1B4E00A0217B /* Info.plist */ = {isa = PBXFileReference; lastKnownFileType = text.plist.xml; path = Info.plist; sourceTree = "<group>"; };
		88A6D842264C1FDD00A0217B /* GoogleService-Info.plist */ = {isa = PBXFileReference; fileEncoding = 4; lastKnownFileType = text.plist.xml; path = "GoogleService-Info.plist"; sourceTree = "<group>"; };
		88B48D9E2654838C005CCDDE /* Service.swift */ = {isa = PBXFileReference; lastKnownFileType = sourcecode.swift; path = Service.swift; sourceTree = "<group>"; };
		88B48DA1265483FD005CCDDE /* ErrorMsg.swift */ = {isa = PBXFileReference; lastKnownFileType = sourcecode.swift; path = ErrorMsg.swift; sourceTree = "<group>"; };
		88B7515F2656B04200DD4ACA /* String+Extension.swift */ = {isa = PBXFileReference; lastKnownFileType = sourcecode.swift; path = "String+Extension.swift"; sourceTree = "<group>"; };
		88C7C17D265B1FB5001C31F6 /* DateFormatter+Extensions.swift */ = {isa = PBXFileReference; lastKnownFileType = sourcecode.swift; path = "DateFormatter+Extensions.swift"; sourceTree = "<group>"; };
		88CD22B52654E756000024A3 /* EventsBaseData.swift */ = {isa = PBXFileReference; lastKnownFileType = sourcecode.swift; path = EventsBaseData.swift; sourceTree = "<group>"; };
		88CD22B92654E77F000024A3 /* Events.swift */ = {isa = PBXFileReference; lastKnownFileType = sourcecode.swift; path = Events.swift; sourceTree = "<group>"; };
		88CD22BD2654EE71000024A3 /* EventsTableViewCell.swift */ = {isa = PBXFileReference; lastKnownFileType = sourcecode.swift; path = EventsTableViewCell.swift; sourceTree = "<group>"; };
		88CD22BE2654EE71000024A3 /* EventsTableViewCell.xib */ = {isa = PBXFileReference; lastKnownFileType = file.xib; path = EventsTableViewCell.xib; sourceTree = "<group>"; };
		88F2876D26530FBC0044FA37 /* Thumbnail.swift */ = {isa = PBXFileReference; lastKnownFileType = sourcecode.swift; path = Thumbnail.swift; sourceTree = "<group>"; };
		88F2876F2653106C0044FA37 /* CharacterBaseData.swift */ = {isa = PBXFileReference; lastKnownFileType = sourcecode.swift; path = CharacterBaseData.swift; sourceTree = "<group>"; };
		88F28771265310910044FA37 /* CharacterDataSource.swift */ = {isa = PBXFileReference; lastKnownFileType = sourcecode.swift; path = CharacterDataSource.swift; sourceTree = "<group>"; };
		88F28776265313E10044FA37 /* Constants.swift */ = {isa = PBXFileReference; lastKnownFileType = sourcecode.swift; path = Constants.swift; sourceTree = "<group>"; };
		88F70CAD2655334400940F37 /* ComicCharacter.swift */ = {isa = PBXFileReference; lastKnownFileType = sourcecode.swift; path = ComicCharacter.swift; sourceTree = "<group>"; };
		88F70CAF265534D300940F37 /* DetailCharacterVC.swift */ = {isa = PBXFileReference; lastKnownFileType = sourcecode.swift; path = DetailCharacterVC.swift; sourceTree = "<group>"; };
		88F70CB0265534D300940F37 /* DetailCharacterVC.xib */ = {isa = PBXFileReference; lastKnownFileType = file.xib; path = DetailCharacterVC.xib; sourceTree = "<group>"; };
/* End PBXFileReference section */

/* Begin PBXFrameworksBuildPhase section */
		88A6D823264C1B4D00A0217B /* Frameworks */ = {
			isa = PBXFrameworksBuildPhase;
			buildActionMask = 2147483647;
			files = (
				A506197B84908A945236955D /* Pods_App_Intermedia.framework in Frameworks */,
			);
			runOnlyForDeploymentPostprocessing = 0;
		};
/* End PBXFrameworksBuildPhase section */

/* Begin PBXGroup section */
		530B94D467E3FDC1CFAACD94 /* Pods */ = {
			isa = PBXGroup;
			children = (
				028FB6CB7F62B3A2BF15BCD1 /* Pods-App-Intermedia.debug.xcconfig */,
				17E433AD8609710AAFBE2040 /* Pods-App-Intermedia.release.xcconfig */,
			);
			path = Pods;
			sourceTree = "<group>";
		};
		696B0B6266B839D738C1E1E2 /* Frameworks */ = {
			isa = PBXGroup;
			children = (
				43FA095D291F83ED93454546 /* Pods_App_Intermedia.framework */,
			);
			name = Frameworks;
			sourceTree = "<group>";
		};
		880042B52656486B009048E8 /* ComicCell */ = {
			isa = PBXGroup;
			children = (
				880042B12656485F009048E8 /* ComicTableViewCell.swift */,
				880042B22656485F009048E8 /* ComicTableViewCell.xib */,
			);
			path = ComicCell;
			sourceTree = "<group>";
		};
		88085ABA264C35590025DAA8 /* Login */ = {
			isa = PBXGroup;
			children = (
				88085AAE264C33350025DAA8 /* LoginVC.xib */,
			);
			path = Login;
			sourceTree = "<group>";
		};
		888B54BC264F02AF00410CD1 /* CustomsCell */ = {
			isa = PBXGroup;
			children = (
				88CD22BB2654EE36000024A3 /* CharactersCell */,
				88CD22BC2654EE46000024A3 /* EventsCell */,
				880042B52656486B009048E8 /* ComicCell */,
			);
			path = CustomsCell;
			sourceTree = "<group>";
		};
		88964E58264CDE600017D04F /* Extension */ = {
			isa = PBXGroup;
			children = (
				88964E59264CDE960017D04F /* UITextField+Extensions.swift */,
				88946CBE264D75F30041E26F /* UIViewController+Extensions.swift */,
				88B7515F2656B04200DD4ACA /* String+Extension.swift */,
				88C7C17D265B1FB5001C31F6 /* DateFormatter+Extensions.swift */,
			);
			path = Extension;
			sourceTree = "<group>";
		};
		88A6D81D264C1B4D00A0217B = {
			isa = PBXGroup;
			children = (
				88A6D828264C1B4D00A0217B /* App-Intermedia */,
				88A6D827264C1B4D00A0217B /* Products */,
				530B94D467E3FDC1CFAACD94 /* Pods */,
				696B0B6266B839D738C1E1E2 /* Frameworks */,
			);
			sourceTree = "<group>";
		};
		88A6D827264C1B4D00A0217B /* Products */ = {
			isa = PBXGroup;
			children = (
				88A6D826264C1B4D00A0217B /* App-Intermedia.app */,
			);
			name = Products;
			sourceTree = "<group>";
		};
		88A6D828264C1B4D00A0217B /* App-Intermedia */ = {
			isa = PBXGroup;
			children = (
				88B48DA0265483E5005CCDDE /* Utilities */,
				88F28773265311DF0044FA37 /* Networking */,
				88964E58264CDE600017D04F /* Extension */,
				88A6D8A3264C25F000A0217B /* Model */,
				88A6D8A4264C25F600A0217B /* View  */,
				88A6D8A5264C260700A0217B /* Controller */,
				88A6D8A6264C260E00A0217B /* Resources */,
				88A6D82B264C1B4D00A0217B /* SceneDelegate.swift */,
				88A6D829264C1B4D00A0217B /* AppDelegate.swift */,
			);
			path = "App-Intermedia";
			sourceTree = "<group>";
		};
		88A6D8A3264C25F000A0217B /* Model */ = {
			isa = PBXGroup;
			children = (
				88CD22B42654E6F7000024A3 /* EventsModel */,
				88F2876C26530F8F0044FA37 /* ReusableModel */,
				88F2876B26530F6B0044FA37 /* CharacterModel */,
			);
			path = Model;
			sourceTree = "<group>";
		};
		88A6D8A4264C25F600A0217B /* View  */ = {
			isa = PBXGroup;
			children = (
				88946CB9264D6C490041E26F /* MainTabBar.xib */,
				88946CAE264D6BE50041E26F /* ListCharacterVC.xib */,
				88946CB4264D6BFD0041E26F /* ListEventsVC.xib */,
				882D8455265DE376000C3C4B /* DetailEventVC.xib */,
				88F70CB0265534D300940F37 /* DetailCharacterVC.xib */,
				88085ABA264C35590025DAA8 /* Login */,
				88A6D8A7264C265400A0217B /* Storyboard */,
				888B54BC264F02AF00410CD1 /* CustomsCell */,
			);
			path = "View ";
			sourceTree = "<group>";
		};
		88A6D8A5264C260700A0217B /* Controller */ = {
			isa = PBXGroup;
			children = (
				88085AAD264C33350025DAA8 /* LoginVC.swift */,
				882D8454265DE376000C3C4B /* DetailEventVC.swift */,
				88946CAD264D6BE50041E26F /* ListCharacterVC.swift */,
				88946CB3264D6BFD0041E26F /* ListEventsVC.swift */,
				88F70CAF265534D300940F37 /* DetailCharacterVC.swift */,
			);
			path = Controller;
			sourceTree = "<group>";
		};
		88A6D8A6264C260E00A0217B /* Resources */ = {
			isa = PBXGroup;
			children = (
				88A6D837264C1B4E00A0217B /* Info.plist */,
				88A6D842264C1FDD00A0217B /* GoogleService-Info.plist */,
				88A6D832264C1B4E00A0217B /* Assets.xcassets */,
			);
			path = Resources;
			sourceTree = "<group>";
		};
		88A6D8A7264C265400A0217B /* Storyboard */ = {
			isa = PBXGroup;
			children = (
				88A6D82F264C1B4D00A0217B /* Main.storyboard */,
				88A6D834264C1B4E00A0217B /* LaunchScreen.storyboard */,
			);
			path = Storyboard;
			sourceTree = "<group>";
		};
		88B48DA0265483E5005CCDDE /* Utilities */ = {
			isa = PBXGroup;
			children = (
				88B48DA1265483FD005CCDDE /* ErrorMsg.swift */,
				88946CB8264D6C490041E26F /* BaseTabBar.swift */,
				88946CC1264D7C7F0041E26F /* BaseNavigationController.swift */,
				88F28776265313E10044FA37 /* Constants.swift */,
			);
			path = Utilities;
			sourceTree = "<group>";
		};
		88CD22B42654E6F7000024A3 /* EventsModel */ = {
			isa = PBXGroup;
			children = (
				88CD22B52654E756000024A3 /* EventsBaseData.swift */,
				88CD22B92654E77F000024A3 /* Events.swift */,
				885EB75626581CFC000AA60D /* EventsDataSource.swift */,
				882D8458265E3E15000C3C4B /* ComicEvents.swift */,
			);
			path = EventsModel;
			sourceTree = "<group>";
		};
		88CD22BB2654EE36000024A3 /* CharactersCell */ = {
			isa = PBXGroup;
			children = (
				888B54B4264F029700410CD1 /* CharactersTableViewCell.swift */,
				888B54B5264F029700410CD1 /* CustomTableViewCell.xib */,
			);
			path = CharactersCell;
			sourceTree = "<group>";
		};
		88CD22BC2654EE46000024A3 /* EventsCell */ = {
			isa = PBXGroup;
			children = (
				88CD22BD2654EE71000024A3 /* EventsTableViewCell.swift */,
				88CD22BE2654EE71000024A3 /* EventsTableViewCell.xib */,
			);
			path = EventsCell;
			sourceTree = "<group>";
		};
		88F2876B26530F6B0044FA37 /* CharacterModel */ = {
			isa = PBXGroup;
			children = (
				888B54BE264F08F900410CD1 /* Characters.swift */,
				88F2876F2653106C0044FA37 /* CharacterBaseData.swift */,
				88F28771265310910044FA37 /* CharacterDataSource.swift */,
				88F70CAD2655334400940F37 /* ComicCharacter.swift */,
			);
			path = CharacterModel;
			sourceTree = "<group>";
		};
		88F2876C26530F8F0044FA37 /* ReusableModel */ = {
			isa = PBXGroup;
			children = (
				88F2876D26530FBC0044FA37 /* Thumbnail.swift */,
			);
			path = ReusableModel;
			sourceTree = "<group>";
		};
		88F28773265311DF0044FA37 /* Networking */ = {
			isa = PBXGroup;
			children = (
				88B48D9E2654838C005CCDDE /* Service.swift */,
				880042B6265673EC009048E8 /* FirebaseService.swift */,
				884BB29126568CF800D22C67 /* FirebaseAuthService.swift */,
			);
			path = Networking;
			sourceTree = "<group>";
		};
/* End PBXGroup section */

/* Begin PBXNativeTarget section */
		88A6D825264C1B4D00A0217B /* App-Intermedia */ = {
			isa = PBXNativeTarget;
			buildConfigurationList = 88A6D83A264C1B4E00A0217B /* Build configuration list for PBXNativeTarget "App-Intermedia" */;
			buildPhases = (
				F45045CC2BDF5AE1BB51B155 /* [CP] Check Pods Manifest.lock */,
				88A6D822264C1B4D00A0217B /* Sources */,
				88A6D823264C1B4D00A0217B /* Frameworks */,
				88A6D824264C1B4D00A0217B /* Resources */,
				1A2092974B6ABCE17FA4ADDB /* [CP] Embed Pods Frameworks */,
			);
			buildRules = (
			);
			dependencies = (
			);
			name = "App-Intermedia";
			productName = "App-Intermedia";
			productReference = 88A6D826264C1B4D00A0217B /* App-Intermedia.app */;
			productType = "com.apple.product-type.application";
		};
/* End PBXNativeTarget section */

/* Begin PBXProject section */
		88A6D81E264C1B4D00A0217B /* Project object */ = {
			isa = PBXProject;
			attributes = {
				LastSwiftUpdateCheck = 1220;
				LastUpgradeCheck = 1220;
				TargetAttributes = {
					88A6D825264C1B4D00A0217B = {
						CreatedOnToolsVersion = 12.2;
					};
				};
			};
			buildConfigurationList = 88A6D821264C1B4D00A0217B /* Build configuration list for PBXProject "App-Intermedia" */;
			compatibilityVersion = "Xcode 9.3";
			developmentRegion = en;
			hasScannedForEncodings = 0;
			knownRegions = (
				en,
				Base,
			);
			mainGroup = 88A6D81D264C1B4D00A0217B;
			productRefGroup = 88A6D827264C1B4D00A0217B /* Products */;
			projectDirPath = "";
			projectRoot = "";
			targets = (
				88A6D825264C1B4D00A0217B /* App-Intermedia */,
			);
		};
/* End PBXProject section */

/* Begin PBXResourcesBuildPhase section */
		88A6D824264C1B4D00A0217B /* Resources */ = {
			isa = PBXResourcesBuildPhase;
			buildActionMask = 2147483647;
			files = (
				88CD22C02654EE71000024A3 /* EventsTableViewCell.xib in Resources */,
				888B54B7264F029700410CD1 /* CustomTableViewCell.xib in Resources */,
				88946CBB264D6C490041E26F /* MainTabBar.xib in Resources */,
				882D8457265DE376000C3C4B /* DetailEventVC.xib in Resources */,
				88085AB0264C33360025DAA8 /* LoginVC.xib in Resources */,
				88A6D836264C1B4E00A0217B /* LaunchScreen.storyboard in Resources */,
				880042B42656485F009048E8 /* ComicTableViewCell.xib in Resources */,
				88946CB6264D6BFD0041E26F /* ListEventsVC.xib in Resources */,
				88A6D843264C1FDD00A0217B /* GoogleService-Info.plist in Resources */,
				88F70CB2265534D300940F37 /* DetailCharacterVC.xib in Resources */,
				88A6D833264C1B4E00A0217B /* Assets.xcassets in Resources */,
				88946CB0264D6BE50041E26F /* ListCharacterVC.xib in Resources */,
				88A6D831264C1B4D00A0217B /* Main.storyboard in Resources */,
			);
			runOnlyForDeploymentPostprocessing = 0;
		};
/* End PBXResourcesBuildPhase section */

/* Begin PBXShellScriptBuildPhase section */
		1A2092974B6ABCE17FA4ADDB /* [CP] Embed Pods Frameworks */ = {
			isa = PBXShellScriptBuildPhase;
			buildActionMask = 2147483647;
			files = (
			);
			inputFileListPaths = (
				"${PODS_ROOT}/Target Support Files/Pods-App-Intermedia/Pods-App-Intermedia-frameworks-${CONFIGURATION}-input-files.xcfilelist",
			);
			name = "[CP] Embed Pods Frameworks";
			outputFileListPaths = (
				"${PODS_ROOT}/Target Support Files/Pods-App-Intermedia/Pods-App-Intermedia-frameworks-${CONFIGURATION}-output-files.xcfilelist",
			);
			runOnlyForDeploymentPostprocessing = 0;
			shellPath = /bin/sh;
			shellScript = "\"${PODS_ROOT}/Target Support Files/Pods-App-Intermedia/Pods-App-Intermedia-frameworks.sh\"\n";
			showEnvVarsInLog = 0;
		};
		F45045CC2BDF5AE1BB51B155 /* [CP] Check Pods Manifest.lock */ = {
			isa = PBXShellScriptBuildPhase;
			buildActionMask = 2147483647;
			files = (
			);
			inputFileListPaths = (
			);
			inputPaths = (
				"${PODS_PODFILE_DIR_PATH}/Podfile.lock",
				"${PODS_ROOT}/Manifest.lock",
			);
			name = "[CP] Check Pods Manifest.lock";
			outputFileListPaths = (
			);
			outputPaths = (
				"$(DERIVED_FILE_DIR)/Pods-App-Intermedia-checkManifestLockResult.txt",
			);
			runOnlyForDeploymentPostprocessing = 0;
			shellPath = /bin/sh;
			shellScript = "diff \"${PODS_PODFILE_DIR_PATH}/Podfile.lock\" \"${PODS_ROOT}/Manifest.lock\" > /dev/null\nif [ $? != 0 ] ; then\n    # print error to STDERR\n    echo \"error: The sandbox is not in sync with the Podfile.lock. Run 'pod install' or update your CocoaPods installation.\" >&2\n    exit 1\nfi\n# This output is used by Xcode 'outputs' to avoid re-running this script phase.\necho \"SUCCESS\" > \"${SCRIPT_OUTPUT_FILE_0}\"\n";
			showEnvVarsInLog = 0;
		};
/* End PBXShellScriptBuildPhase section */

/* Begin PBXSourcesBuildPhase section */
		88A6D822264C1B4D00A0217B /* Sources */ = {
			isa = PBXSourcesBuildPhase;
			buildActionMask = 2147483647;
			files = (
				88CD22BF2654EE71000024A3 /* EventsTableViewCell.swift in Sources */,
				88A6D82A264C1B4D00A0217B /* AppDelegate.swift in Sources */,
				88946CB5264D6BFD0041E26F /* ListEventsVC.swift in Sources */,
				880042B32656485F009048E8 /* ComicTableViewCell.swift in Sources */,
				88F2876E26530FBC0044FA37 /* Thumbnail.swift in Sources */,
				888B54B6264F029700410CD1 /* CharactersTableViewCell.swift in Sources */,
				884BB29226568CF800D22C67 /* FirebaseAuthService.swift in Sources */,
				88F70CB1265534D300940F37 /* DetailCharacterVC.swift in Sources */,
				885EB75726581CFC000AA60D /* EventsDataSource.swift in Sources */,
				888B54BF264F08F900410CD1 /* Characters.swift in Sources */,
				88CD22B62654E757000024A3 /* EventsBaseData.swift in Sources */,
				88946CBA264D6C490041E26F /* BaseTabBar.swift in Sources */,
				88B48DA2265483FD005CCDDE /* ErrorMsg.swift in Sources */,
				88964E5A264CDE960017D04F /* UITextField+Extensions.swift in Sources */,
				882D8456265DE376000C3C4B /* DetailEventVC.swift in Sources */,
				88F28777265313E10044FA37 /* Constants.swift in Sources */,
				88946CBF264D75F30041E26F /* UIViewController+Extensions.swift in Sources */,
				88946CC2264D7C7F0041E26F /* BaseNavigationController.swift in Sources */,
				88CD22BA2654E77F000024A3 /* Events.swift in Sources */,
				880042B7265673EC009048E8 /* FirebaseService.swift in Sources */,
				882D8459265E3E15000C3C4B /* ComicEvents.swift in Sources */,
				88A6D82C264C1B4D00A0217B /* SceneDelegate.swift in Sources */,
				88B751602656B04200DD4ACA /* String+Extension.swift in Sources */,
				88B48D9F2654838C005CCDDE /* Service.swift in Sources */,
				88C7C17E265B1FB5001C31F6 /* DateFormatter+Extensions.swift in Sources */,
				88F70CAE2655334400940F37 /* ComicCharacter.swift in Sources */,
				88F287702653106C0044FA37 /* CharacterBaseData.swift in Sources */,
				88085AAF264C33350025DAA8 /* LoginVC.swift in Sources */,
				88F28772265310910044FA37 /* CharacterDataSource.swift in Sources */,
				88946CAF264D6BE50041E26F /* ListCharacterVC.swift in Sources */,
			);
			runOnlyForDeploymentPostprocessing = 0;
		};
/* End PBXSourcesBuildPhase section */

/* Begin PBXVariantGroup section */
		88A6D82F264C1B4D00A0217B /* Main.storyboard */ = {
			isa = PBXVariantGroup;
			children = (
				88A6D830264C1B4D00A0217B /* Base */,
			);
			name = Main.storyboard;
			sourceTree = "<group>";
		};
		88A6D834264C1B4E00A0217B /* LaunchScreen.storyboard */ = {
			isa = PBXVariantGroup;
			children = (
				88A6D835264C1B4E00A0217B /* Base */,
			);
			name = LaunchScreen.storyboard;
			sourceTree = "<group>";
		};
/* End PBXVariantGroup section */

/* Begin XCBuildConfiguration section */
		88A6D838264C1B4E00A0217B /* Debug */ = {
			isa = XCBuildConfiguration;
			buildSettings = {
				ALWAYS_SEARCH_USER_PATHS = NO;
				CLANG_ANALYZER_NONNULL = YES;
				CLANG_ANALYZER_NUMBER_OBJECT_CONVERSION = YES_AGGRESSIVE;
				CLANG_CXX_LANGUAGE_STANDARD = "gnu++14";
				CLANG_CXX_LIBRARY = "libc++";
				CLANG_ENABLE_MODULES = YES;
				CLANG_ENABLE_OBJC_ARC = YES;
				CLANG_ENABLE_OBJC_WEAK = YES;
				CLANG_WARN_BLOCK_CAPTURE_AUTORELEASING = YES;
				CLANG_WARN_BOOL_CONVERSION = YES;
				CLANG_WARN_COMMA = YES;
				CLANG_WARN_CONSTANT_CONVERSION = YES;
				CLANG_WARN_DEPRECATED_OBJC_IMPLEMENTATIONS = YES;
				CLANG_WARN_DIRECT_OBJC_ISA_USAGE = YES_ERROR;
				CLANG_WARN_DOCUMENTATION_COMMENTS = YES;
				CLANG_WARN_EMPTY_BODY = YES;
				CLANG_WARN_ENUM_CONVERSION = YES;
				CLANG_WARN_INFINITE_RECURSION = YES;
				CLANG_WARN_INT_CONVERSION = YES;
				CLANG_WARN_NON_LITERAL_NULL_CONVERSION = YES;
				CLANG_WARN_OBJC_IMPLICIT_RETAIN_SELF = YES;
				CLANG_WARN_OBJC_LITERAL_CONVERSION = YES;
				CLANG_WARN_OBJC_ROOT_CLASS = YES_ERROR;
				CLANG_WARN_QUOTED_INCLUDE_IN_FRAMEWORK_HEADER = YES;
				CLANG_WARN_RANGE_LOOP_ANALYSIS = YES;
				CLANG_WARN_STRICT_PROTOTYPES = YES;
				CLANG_WARN_SUSPICIOUS_MOVE = YES;
				CLANG_WARN_UNGUARDED_AVAILABILITY = YES_AGGRESSIVE;
				CLANG_WARN_UNREACHABLE_CODE = YES;
				CLANG_WARN__DUPLICATE_METHOD_MATCH = YES;
				COPY_PHASE_STRIP = NO;
				DEBUG_INFORMATION_FORMAT = dwarf;
				ENABLE_STRICT_OBJC_MSGSEND = YES;
				ENABLE_TESTABILITY = YES;
				GCC_C_LANGUAGE_STANDARD = gnu11;
				GCC_DYNAMIC_NO_PIC = NO;
				GCC_NO_COMMON_BLOCKS = YES;
				GCC_OPTIMIZATION_LEVEL = 0;
				GCC_PREPROCESSOR_DEFINITIONS = (
					"DEBUG=1",
					"$(inherited)",
				);
				GCC_WARN_64_TO_32_BIT_CONVERSION = YES;
				GCC_WARN_ABOUT_RETURN_TYPE = YES_ERROR;
				GCC_WARN_UNDECLARED_SELECTOR = YES;
				GCC_WARN_UNINITIALIZED_AUTOS = YES_AGGRESSIVE;
				GCC_WARN_UNUSED_FUNCTION = YES;
				GCC_WARN_UNUSED_VARIABLE = YES;
				IPHONEOS_DEPLOYMENT_TARGET = 14.2;
				MTL_ENABLE_DEBUG_INFO = INCLUDE_SOURCE;
				MTL_FAST_MATH = YES;
				ONLY_ACTIVE_ARCH = YES;
				SDKROOT = iphoneos;
				SWIFT_ACTIVE_COMPILATION_CONDITIONS = DEBUG;
				SWIFT_OPTIMIZATION_LEVEL = "-Onone";
			};
			name = Debug;
		};
		88A6D839264C1B4E00A0217B /* Release */ = {
			isa = XCBuildConfiguration;
			buildSettings = {
				ALWAYS_SEARCH_USER_PATHS = NO;
				CLANG_ANALYZER_NONNULL = YES;
				CLANG_ANALYZER_NUMBER_OBJECT_CONVERSION = YES_AGGRESSIVE;
				CLANG_CXX_LANGUAGE_STANDARD = "gnu++14";
				CLANG_CXX_LIBRARY = "libc++";
				CLANG_ENABLE_MODULES = YES;
				CLANG_ENABLE_OBJC_ARC = YES;
				CLANG_ENABLE_OBJC_WEAK = YES;
				CLANG_WARN_BLOCK_CAPTURE_AUTORELEASING = YES;
				CLANG_WARN_BOOL_CONVERSION = YES;
				CLANG_WARN_COMMA = YES;
				CLANG_WARN_CONSTANT_CONVERSION = YES;
				CLANG_WARN_DEPRECATED_OBJC_IMPLEMENTATIONS = YES;
				CLANG_WARN_DIRECT_OBJC_ISA_USAGE = YES_ERROR;
				CLANG_WARN_DOCUMENTATION_COMMENTS = YES;
				CLANG_WARN_EMPTY_BODY = YES;
				CLANG_WARN_ENUM_CONVERSION = YES;
				CLANG_WARN_INFINITE_RECURSION = YES;
				CLANG_WARN_INT_CONVERSION = YES;
				CLANG_WARN_NON_LITERAL_NULL_CONVERSION = YES;
				CLANG_WARN_OBJC_IMPLICIT_RETAIN_SELF = YES;
				CLANG_WARN_OBJC_LITERAL_CONVERSION = YES;
				CLANG_WARN_OBJC_ROOT_CLASS = YES_ERROR;
				CLANG_WARN_QUOTED_INCLUDE_IN_FRAMEWORK_HEADER = YES;
				CLANG_WARN_RANGE_LOOP_ANALYSIS = YES;
				CLANG_WARN_STRICT_PROTOTYPES = YES;
				CLANG_WARN_SUSPICIOUS_MOVE = YES;
				CLANG_WARN_UNGUARDED_AVAILABILITY = YES_AGGRESSIVE;
				CLANG_WARN_UNREACHABLE_CODE = YES;
				CLANG_WARN__DUPLICATE_METHOD_MATCH = YES;
				COPY_PHASE_STRIP = NO;
				DEBUG_INFORMATION_FORMAT = "dwarf-with-dsym";
				ENABLE_NS_ASSERTIONS = NO;
				ENABLE_STRICT_OBJC_MSGSEND = YES;
				GCC_C_LANGUAGE_STANDARD = gnu11;
				GCC_NO_COMMON_BLOCKS = YES;
				GCC_WARN_64_TO_32_BIT_CONVERSION = YES;
				GCC_WARN_ABOUT_RETURN_TYPE = YES_ERROR;
				GCC_WARN_UNDECLARED_SELECTOR = YES;
				GCC_WARN_UNINITIALIZED_AUTOS = YES_AGGRESSIVE;
				GCC_WARN_UNUSED_FUNCTION = YES;
				GCC_WARN_UNUSED_VARIABLE = YES;
				IPHONEOS_DEPLOYMENT_TARGET = 14.2;
				MTL_ENABLE_DEBUG_INFO = NO;
				MTL_FAST_MATH = YES;
				SDKROOT = iphoneos;
				SWIFT_COMPILATION_MODE = wholemodule;
				SWIFT_OPTIMIZATION_LEVEL = "-O";
				VALIDATE_PRODUCT = YES;
			};
			name = Release;
		};
		88A6D83B264C1B4E00A0217B /* Debug */ = {
			isa = XCBuildConfiguration;
			baseConfigurationReference = 028FB6CB7F62B3A2BF15BCD1 /* Pods-App-Intermedia.debug.xcconfig */;
			buildSettings = {
				ASSETCATALOG_COMPILER_APPICON_NAME = AppIcon;
				ASSETCATALOG_COMPILER_GLOBAL_ACCENT_COLOR_NAME = AccentColor;
				CODE_SIGN_STYLE = Automatic;
				DEVELOPMENT_TEAM = MMDTV8J5UC;
				"INFOPLIST_FILE[sdk=*]" = "App-Intermedia/Resources/Info.plist";
				LD_RUNPATH_SEARCH_PATHS = (
					"$(inherited)",
					"@executable_path/Frameworks",
				);
				PRODUCT_BUNDLE_IDENTIFIER = "com.rodrigotorres.App-Intermedia";
				PRODUCT_NAME = "$(TARGET_NAME)";
				SWIFT_VERSION = 5.0;
				TARGETED_DEVICE_FAMILY = "1,2";
			};
			name = Debug;
		};
		88A6D83C264C1B4E00A0217B /* Release */ = {
			isa = XCBuildConfiguration;
			baseConfigurationReference = 17E433AD8609710AAFBE2040 /* Pods-App-Intermedia.release.xcconfig */;
			buildSettings = {
				ASSETCATALOG_COMPILER_APPICON_NAME = AppIcon;
				ASSETCATALOG_COMPILER_GLOBAL_ACCENT_COLOR_NAME = AccentColor;
				CODE_SIGN_STYLE = Automatic;
				DEVELOPMENT_TEAM = MMDTV8J5UC;
				"INFOPLIST_FILE[sdk=*]" = "App-Intermedia/Resources/Info.plist";
				LD_RUNPATH_SEARCH_PATHS = (
					"$(inherited)",
					"@executable_path/Frameworks",
				);
				PRODUCT_BUNDLE_IDENTIFIER = "com.rodrigotorres.App-Intermedia";
				PRODUCT_NAME = "$(TARGET_NAME)";
				SWIFT_VERSION = 5.0;
				TARGETED_DEVICE_FAMILY = "1,2";
			};
			name = Release;
		};
/* End XCBuildConfiguration section */

/* Begin XCConfigurationList section */
		88A6D821264C1B4D00A0217B /* Build configuration list for PBXProject "App-Intermedia" */ = {
			isa = XCConfigurationList;
			buildConfigurations = (
				88A6D838264C1B4E00A0217B /* Debug */,
				88A6D839264C1B4E00A0217B /* Release */,
			);
			defaultConfigurationIsVisible = 0;
			defaultConfigurationName = Release;
		};
		88A6D83A264C1B4E00A0217B /* Build configuration list for PBXNativeTarget "App-Intermedia" */ = {
			isa = XCConfigurationList;
			buildConfigurations = (
				88A6D83B264C1B4E00A0217B /* Debug */,
				88A6D83C264C1B4E00A0217B /* Release */,
			);
			defaultConfigurationIsVisible = 0;
			defaultConfigurationName = Release;
		};
/* End XCConfigurationList section */
	};
	rootObject = 88A6D81E264C1B4D00A0217B /* Project object */;
}
